dependencies:
- name: core
  repository: file://./charts/core
  version: 0.1.1
- name: batch
  repository: file://./charts/batch
  version: 0.1.1
- name: monitor
  repository: file://./charts/monitor
  version: 0.1.1
- name: mariadb
  repository: file://./charts/mariadb
  version: 12.2.9
- name: frontend
  repository: file://./charts/frontend
  version: 0.1.0
digest: sha256:2feceb171d8025dc47e6272785b5a0f6eb28cd1ea2a83adffc6a84c9180ceecd
generated: "2023-12-19T11:30:58.42511573Z"
