dependencies:
- name: mariadb
  repository: file://./charts/mariadb
  version: 12.2.9
- name: frontend
  repository: file://./charts/frontend
  version: 0.1.0
- name: monitor
  repository: file://./charts/monitor
  version: 0.1.1
- name: core
  repository: file://./charts/core
  version: 0.1.1
- name: batch
  repository: file://./charts/batch
  version: 0.1.1
digest: sha256:83bec50888244811967ea265040348156fe501078969deef4db6ca96e0672abc
generated: "2024-04-11T16:25:32.845996+09:00"
