dependencies:
- name: crds
  repository: ""
  version: 0.0.0
- name: kube-state-metrics
  repository: file://charts/kube-state-metrics
  version: 5.15.2
- name: prometheus-node-exporter
  repository: file://charts/prometheus-node-exporter
  version: 4.24.0
- name: grafana
  repository: file://charts/grafana
  version: 7.0.17
- name: prometheus-windows-exporter
  repository: file://charts/prometheus-windows-exporter
  version: 0.1.2
digest: sha256:87de49003f7fbb99ec2425e9e0a288bd7950ff01b8ebdbef24dbb74b69b6618a
generated: "2024-04-18T12:25:49.133613+09:00"
